// !$*UTF8*$!
{
	archiveVersion = 1;
	classes = {
	};
	objectVersion = 46;
	objects = {

/* Begin PBXBuildFile section */
		5827D7A818271520004944B3 /* MapKit.framework in Frameworks */ = {isa = PBXBuildFile; fileRef = 5827D7A718271520004944B3 /* MapKit.framework */; };
		583769B51899F8EB0049A9EB /* 529-bicycle@2x.png in Resources */ = {isa = PBXBuildFile; fileRef = 583769B41899F8EB0049A9EB /* 529-bicycle@2x.png */; };
		583769B71899FCB10049A9EB /* 665-gear@2x.png in Resources */ = {isa = PBXBuildFile; fileRef = 583769B61899FCB10049A9EB /* 665-gear@2x.png */; };
		583769B91899FD330049A9EB /* 592-compose@2x.png in Resources */ = {isa = PBXBuildFile; fileRef = 583769B81899FD330049A9EB /* 592-compose@2x.png */; };
		583769BB1899FD850049A9EB /* 582-warning-sign@2x.png in Resources */ = {isa = PBXBuildFile; fileRef = 583769BA1899FD850049A9EB /* 582-warning-sign@2x.png */; };
		583769BD1899FDB00049A9EB /* 523-cyclist@2x.png in Resources */ = {isa = PBXBuildFile; fileRef = 583769BC1899FDB00049A9EB /* 523-cyclist@2x.png */; };
		583769C01899FE690049A9EB /* ReportIssueViewController.m in Sources */ = {isa = PBXBuildFile; fileRef = 583769BF1899FE690049A9EB /* ReportIssueViewController.m */; };
		583769C3189A061D0049A9EB /* BikesViewController.m in Sources */ = {isa = PBXBuildFile; fileRef = 583769C2189A061D0049A9EB /* BikesViewController.m */; };
		583769C6189A18F90049A9EB /* CheckOutViewController.m in Sources */ = {isa = PBXBuildFile; fileRef = 583769C5189A18F90049A9EB /* CheckOutViewController.m */; };
		583B7F9318933245001CD855 /* JSONifyViewController.m in Sources */ = {isa = PBXBuildFile; fileRef = 583B7F9218933245001CD855 /* JSONifyViewController.m */; };
		583B7FA91894BB15001CD855 /* ASIAuthenticationDialog.m in Sources */ = {isa = PBXBuildFile; fileRef = 583B7F961894BB15001CD855 /* ASIAuthenticationDialog.m */; settings = {COMPILER_FLAGS = "-fno-objc-arc"; }; };
		583B7FAA1894BB15001CD855 /* ASIDataCompressor.m in Sources */ = {isa = PBXBuildFile; fileRef = 583B7F991894BB15001CD855 /* ASIDataCompressor.m */; settings = {COMPILER_FLAGS = "-fno-objc-arc"; }; };
		583B7FAB1894BB15001CD855 /* ASIDataDecompressor.m in Sources */ = {isa = PBXBuildFile; fileRef = 583B7F9B1894BB15001CD855 /* ASIDataDecompressor.m */; settings = {COMPILER_FLAGS = "-fno-objc-arc"; }; };
		583B7FAC1894BB15001CD855 /* ASIDownloadCache.m in Sources */ = {isa = PBXBuildFile; fileRef = 583B7F9D1894BB15001CD855 /* ASIDownloadCache.m */; settings = {COMPILER_FLAGS = "-fno-objc-arc"; }; };
		583B7FAD1894BB15001CD855 /* ASIFormDataRequest.m in Sources */ = {isa = PBXBuildFile; fileRef = 583B7F9F1894BB15001CD855 /* ASIFormDataRequest.m */; settings = {COMPILER_FLAGS = "-fno-objc-arc"; }; };
		583B7FAE1894BB15001CD855 /* ASIHTTPRequest.m in Sources */ = {isa = PBXBuildFile; fileRef = 583B7FA11894BB15001CD855 /* ASIHTTPRequest.m */; settings = {COMPILER_FLAGS = "-fno-objc-arc"; }; };
		583B7FAF1894BB15001CD855 /* ASIInputStream.m in Sources */ = {isa = PBXBuildFile; fileRef = 583B7FA51894BB15001CD855 /* ASIInputStream.m */; settings = {COMPILER_FLAGS = "-fno-objc-arc"; }; };
		583B7FB01894BB15001CD855 /* ASINetworkQueue.m in Sources */ = {isa = PBXBuildFile; fileRef = 583B7FA71894BB15001CD855 /* ASINetworkQueue.m */; settings = {COMPILER_FLAGS = "-fno-objc-arc"; }; };
		583B7FB21894BC0C001CD855 /* CFNetwork.framework in Frameworks */ = {isa = PBXBuildFile; fileRef = 583B7FB11894BC0C001CD855 /* CFNetwork.framework */; };
		583B7FB41894BC16001CD855 /* SystemConfiguration.framework in Frameworks */ = {isa = PBXBuildFile; fileRef = 583B7FB31894BC16001CD855 /* SystemConfiguration.framework */; };
		583B7FB61894BC21001CD855 /* MobileCoreServices.framework in Frameworks */ = {isa = PBXBuildFile; fileRef = 583B7FB51894BC21001CD855 /* MobileCoreServices.framework */; };
		583B7FB81894BC41001CD855 /* libz.dylib in Frameworks */ = {isa = PBXBuildFile; fileRef = 583B7FB71894BC41001CD855 /* libz.dylib */; };
		583B7FBB1894BE78001CD855 /* Reachability.m in Sources */ = {isa = PBXBuildFile; fileRef = 583B7FBA1894BE78001CD855 /* Reachability.m */; settings = {COMPILER_FLAGS = "-fno-objc-arc"; }; };
		583E6D5D18F241AC00C1585E /* 1030-globe@2x.png in Resources */ = {isa = PBXBuildFile; fileRef = 583E6D5C18F241AC00C1585E /* 1030-globe@2x.png */; };
		583E6D6018F2428900C1585E /* MapsViewController.m in Sources */ = {isa = PBXBuildFile; fileRef = 583E6D5F18F2428900C1585E /* MapsViewController.m */; };
		584CEC45189AE9EE00244F1A /* SettingsViewController.m in Sources */ = {isa = PBXBuildFile; fileRef = 584CEC44189AE9EE00244F1A /* SettingsViewController.m */; };
		584F6C7E18414605004F7853 /* SignUpViewController.m in Sources */ = {isa = PBXBuildFile; fileRef = 584F6C7D18414605004F7853 /* SignUpViewController.m */; };
		58811EE218133121006C538A /* Foundation.framework in Frameworks */ = {isa = PBXBuildFile; fileRef = 58811EE118133121006C538A /* Foundation.framework */; };
		58811EE418133121006C538A /* CoreGraphics.framework in Frameworks */ = {isa = PBXBuildFile; fileRef = 58811EE318133121006C538A /* CoreGraphics.framework */; };
		58811EE618133121006C538A /* UIKit.framework in Frameworks */ = {isa = PBXBuildFile; fileRef = 58811EE518133121006C538A /* UIKit.framework */; };
		58811EEC18133121006C538A /* InfoPlist.strings in Resources */ = {isa = PBXBuildFile; fileRef = 58811EEA18133121006C538A /* InfoPlist.strings */; };
		58811EEE18133121006C538A /* main.m in Sources */ = {isa = PBXBuildFile; fileRef = 58811EED18133121006C538A /* main.m */; };
		58811EF218133121006C538A /* AppDelegate.m in Sources */ = {isa = PBXBuildFile; fileRef = 58811EF118133121006C538A /* AppDelegate.m */; };
		58811EF518133121006C538A /* Main.storyboard in Resources */ = {isa = PBXBuildFile; fileRef = 58811EF318133121006C538A /* Main.storyboard */; };
		58811EF818133121006C538A /* ViewController.m in Sources */ = {isa = PBXBuildFile; fileRef = 58811EF718133121006C538A /* ViewController.m */; };
		58811EFA18133121006C538A /* Images.xcassets in Resources */ = {isa = PBXBuildFile; fileRef = 58811EF918133121006C538A /* Images.xcassets */; };
		58811F0118133121006C538A /* XCTest.framework in Frameworks */ = {isa = PBXBuildFile; fileRef = 58811F0018133121006C538A /* XCTest.framework */; };
		58811F0218133121006C538A /* Foundation.framework in Frameworks */ = {isa = PBXBuildFile; fileRef = 58811EE118133121006C538A /* Foundation.framework */; };
		58811F0318133121006C538A /* UIKit.framework in Frameworks */ = {isa = PBXBuildFile; fileRef = 58811EE518133121006C538A /* UIKit.framework */; };
		58811F0B18133121006C538A /* InfoPlist.strings in Resources */ = {isa = PBXBuildFile; fileRef = 58811F0918133121006C538A /* InfoPlist.strings */; };
		58811F0D18133121006C538A /* PennCycleIphoneTests.m in Sources */ = {isa = PBXBuildFile; fileRef = 58811F0C18133121006C538A /* PennCycleIphoneTests.m */; };
		58811F17181331BA006C538A /* PennCycle-Logo-3-web-570.png in Resources */ = {isa = PBXBuildFile; fileRef = 58811F16181331BA006C538A /* PennCycle-Logo-3-web-570.png */; };
		58D47A83188DC08A00228665 /* CheckInViewController.m in Sources */ = {isa = PBXBuildFile; fileRef = 58D47A82188DC08A00228665 /* CheckInViewController.m */; };
		58E5F6E81894F319004C28F7 /* PINViewController.m in Sources */ = {isa = PBXBuildFile; fileRef = 58E5F6E71894F319004C28F7 /* PINViewController.m */; };
/* End PBXBuildFile section */

/* Begin PBXContainerItemProxy section */
		58811F0418133121006C538A /* PBXContainerItemProxy */ = {
			isa = PBXContainerItemProxy;
			containerPortal = 58811ED618133121006C538A /* Project object */;
			proxyType = 1;
			remoteGlobalIDString = 58811EDD18133121006C538A;
			remoteInfo = PennCycleIphone;
		};
/* End PBXContainerItemProxy section */

/* Begin PBXFileReference section */
		5827D7A718271520004944B3 /* MapKit.framework */ = {isa = PBXFileReference; lastKnownFileType = wrapper.framework; name = MapKit.framework; path = System/Library/Frameworks/MapKit.framework; sourceTree = SDKROOT; };
		583769B41899F8EB0049A9EB /* 529-bicycle@2x.png */ = {isa = PBXFileReference; lastKnownFileType = image.png; path = "529-bicycle@2x.png"; sourceTree = "<group>"; };
		583769B61899FCB10049A9EB /* 665-gear@2x.png */ = {isa = PBXFileReference; lastKnownFileType = image.png; path = "665-gear@2x.png"; sourceTree = "<group>"; };
		583769B81899FD330049A9EB /* 592-compose@2x.png */ = {isa = PBXFileReference; lastKnownFileType = image.png; path = "592-compose@2x.png"; sourceTree = "<group>"; };
		583769BA1899FD850049A9EB /* 582-warning-sign@2x.png */ = {isa = PBXFileReference; lastKnownFileType = image.png; path = "582-warning-sign@2x.png"; sourceTree = "<group>"; };
		583769BC1899FDB00049A9EB /* 523-cyclist@2x.png */ = {isa = PBXFileReference; lastKnownFileType = image.png; path = "523-cyclist@2x.png"; sourceTree = "<group>"; };
		583769BE1899FE690049A9EB /* ReportIssueViewController.h */ = {isa = PBXFileReference; fileEncoding = 4; lastKnownFileType = sourcecode.c.h; path = ReportIssueViewController.h; sourceTree = "<group>"; };
		583769BF1899FE690049A9EB /* ReportIssueViewController.m */ = {isa = PBXFileReference; fileEncoding = 4; lastKnownFileType = sourcecode.c.objc; path = ReportIssueViewController.m; sourceTree = "<group>"; };
		583769C1189A061D0049A9EB /* BikesViewController.h */ = {isa = PBXFileReference; fileEncoding = 4; lastKnownFileType = sourcecode.c.h; path = BikesViewController.h; sourceTree = "<group>"; };
		583769C2189A061D0049A9EB /* BikesViewController.m */ = {isa = PBXFileReference; fileEncoding = 4; lastKnownFileType = sourcecode.c.objc; path = BikesViewController.m; sourceTree = "<group>"; };
		583769C4189A18F90049A9EB /* CheckOutViewController.h */ = {isa = PBXFileReference; fileEncoding = 4; lastKnownFileType = sourcecode.c.h; path = CheckOutViewController.h; sourceTree = "<group>"; };
		583769C5189A18F90049A9EB /* CheckOutViewController.m */ = {isa = PBXFileReference; fileEncoding = 4; lastKnownFileType = sourcecode.c.objc; path = CheckOutViewController.m; sourceTree = "<group>"; };
		583B7F9118933244001CD855 /* JSONifyViewController.h */ = {isa = PBXFileReference; fileEncoding = 4; lastKnownFileType = sourcecode.c.h; path = JSONifyViewController.h; sourceTree = "<group>"; };
		583B7F9218933245001CD855 /* JSONifyViewController.m */ = {isa = PBXFileReference; fileEncoding = 4; lastKnownFileType = sourcecode.c.objc; path = JSONifyViewController.m; sourceTree = "<group>"; };
		583B7F951894BB15001CD855 /* ASIAuthenticationDialog.h */ = {isa = PBXFileReference; fileEncoding = 4; lastKnownFileType = sourcecode.c.h; path = ASIAuthenticationDialog.h; sourceTree = "<group>"; };
		583B7F961894BB15001CD855 /* ASIAuthenticationDialog.m */ = {isa = PBXFileReference; fileEncoding = 4; lastKnownFileType = sourcecode.c.objc; path = ASIAuthenticationDialog.m; sourceTree = "<group>"; };
		583B7F971894BB15001CD855 /* ASICacheDelegate.h */ = {isa = PBXFileReference; fileEncoding = 4; lastKnownFileType = sourcecode.c.h; path = ASICacheDelegate.h; sourceTree = "<group>"; };
		583B7F981894BB15001CD855 /* ASIDataCompressor.h */ = {isa = PBXFileReference; fileEncoding = 4; lastKnownFileType = sourcecode.c.h; path = ASIDataCompressor.h; sourceTree = "<group>"; };
		583B7F991894BB15001CD855 /* ASIDataCompressor.m */ = {isa = PBXFileReference; fileEncoding = 4; lastKnownFileType = sourcecode.c.objc; path = ASIDataCompressor.m; sourceTree = "<group>"; };
		583B7F9A1894BB15001CD855 /* ASIDataDecompressor.h */ = {isa = PBXFileReference; fileEncoding = 4; lastKnownFileType = sourcecode.c.h; path = ASIDataDecompressor.h; sourceTree = "<group>"; };
		583B7F9B1894BB15001CD855 /* ASIDataDecompressor.m */ = {isa = PBXFileReference; fileEncoding = 4; lastKnownFileType = sourcecode.c.objc; path = ASIDataDecompressor.m; sourceTree = "<group>"; };
		583B7F9C1894BB15001CD855 /* ASIDownloadCache.h */ = {isa = PBXFileReference; fileEncoding = 4; lastKnownFileType = sourcecode.c.h; path = ASIDownloadCache.h; sourceTree = "<group>"; };
		583B7F9D1894BB15001CD855 /* ASIDownloadCache.m */ = {isa = PBXFileReference; fileEncoding = 4; lastKnownFileType = sourcecode.c.objc; path = ASIDownloadCache.m; sourceTree = "<group>"; };
		583B7F9E1894BB15001CD855 /* ASIFormDataRequest.h */ = {isa = PBXFileReference; fileEncoding = 4; lastKnownFileType = sourcecode.c.h; path = ASIFormDataRequest.h; sourceTree = "<group>"; };
		583B7F9F1894BB15001CD855 /* ASIFormDataRequest.m */ = {isa = PBXFileReference; fileEncoding = 4; lastKnownFileType = sourcecode.c.objc; path = ASIFormDataRequest.m; sourceTree = "<group>"; };
		583B7FA01894BB15001CD855 /* ASIHTTPRequest.h */ = {isa = PBXFileReference; fileEncoding = 4; lastKnownFileType = sourcecode.c.h; path = ASIHTTPRequest.h; sourceTree = "<group>"; };
		583B7FA11894BB15001CD855 /* ASIHTTPRequest.m */ = {isa = PBXFileReference; fileEncoding = 4; lastKnownFileType = sourcecode.c.objc; path = ASIHTTPRequest.m; sourceTree = "<group>"; };
		583B7FA21894BB15001CD855 /* ASIHTTPRequestConfig.h */ = {isa = PBXFileReference; fileEncoding = 4; lastKnownFileType = sourcecode.c.h; path = ASIHTTPRequestConfig.h; sourceTree = "<group>"; };
		583B7FA31894BB15001CD855 /* ASIHTTPRequestDelegate.h */ = {isa = PBXFileReference; fileEncoding = 4; lastKnownFileType = sourcecode.c.h; path = ASIHTTPRequestDelegate.h; sourceTree = "<group>"; };
		583B7FA41894BB15001CD855 /* ASIInputStream.h */ = {isa = PBXFileReference; fileEncoding = 4; lastKnownFileType = sourcecode.c.h; path = ASIInputStream.h; sourceTree = "<group>"; };
		583B7FA51894BB15001CD855 /* ASIInputStream.m */ = {isa = PBXFileReference; fileEncoding = 4; lastKnownFileType = sourcecode.c.objc; path = ASIInputStream.m; sourceTree = "<group>"; };
		583B7FA61894BB15001CD855 /* ASINetworkQueue.h */ = {isa = PBXFileReference; fileEncoding = 4; lastKnownFileType = sourcecode.c.h; path = ASINetworkQueue.h; sourceTree = "<group>"; };
		583B7FA71894BB15001CD855 /* ASINetworkQueue.m */ = {isa = PBXFileReference; fileEncoding = 4; lastKnownFileType = sourcecode.c.objc; path = ASINetworkQueue.m; sourceTree = "<group>"; };
		583B7FA81894BB15001CD855 /* ASIProgressDelegate.h */ = {isa = PBXFileReference; fileEncoding = 4; lastKnownFileType = sourcecode.c.h; path = ASIProgressDelegate.h; sourceTree = "<group>"; };
		583B7FB11894BC0C001CD855 /* CFNetwork.framework */ = {isa = PBXFileReference; lastKnownFileType = wrapper.framework; name = CFNetwork.framework; path = System/Library/Frameworks/CFNetwork.framework; sourceTree = SDKROOT; };
		583B7FB31894BC16001CD855 /* SystemConfiguration.framework */ = {isa = PBXFileReference; lastKnownFileType = wrapper.framework; name = SystemConfiguration.framework; path = System/Library/Frameworks/SystemConfiguration.framework; sourceTree = SDKROOT; };
		583B7FB51894BC21001CD855 /* MobileCoreServices.framework */ = {isa = PBXFileReference; lastKnownFileType = wrapper.framework; name = MobileCoreServices.framework; path = System/Library/Frameworks/MobileCoreServices.framework; sourceTree = SDKROOT; };
		583B7FB71894BC41001CD855 /* libz.dylib */ = {isa = PBXFileReference; lastKnownFileType = "compiled.mach-o.dylib"; name = libz.dylib; path = usr/lib/libz.dylib; sourceTree = SDKROOT; };
		583B7FB91894BE78001CD855 /* Reachability.h */ = {isa = PBXFileReference; fileEncoding = 4; lastKnownFileType = sourcecode.c.h; path = Reachability.h; sourceTree = "<group>"; };
		583B7FBA1894BE78001CD855 /* Reachability.m */ = {isa = PBXFileReference; fileEncoding = 4; lastKnownFileType = sourcecode.c.objc; path = Reachability.m; sourceTree = "<group>"; };
		583E6D5C18F241AC00C1585E /* 1030-globe@2x.png */ = {isa = PBXFileReference; lastKnownFileType = image.png; path = "1030-globe@2x.png"; sourceTree = "<group>"; };
		583E6D5E18F2428900C1585E /* MapsViewController.h */ = {isa = PBXFileReference; fileEncoding = 4; lastKnownFileType = sourcecode.c.h; path = MapsViewController.h; sourceTree = "<group>"; };
		583E6D5F18F2428900C1585E /* MapsViewController.m */ = {isa = PBXFileReference; fileEncoding = 4; lastKnownFileType = sourcecode.c.objc; path = MapsViewController.m; sourceTree = "<group>"; };
		584CEC43189AE9EE00244F1A /* SettingsViewController.h */ = {isa = PBXFileReference; fileEncoding = 4; lastKnownFileType = sourcecode.c.h; path = SettingsViewController.h; sourceTree = "<group>"; };
		584CEC44189AE9EE00244F1A /* SettingsViewController.m */ = {isa = PBXFileReference; fileEncoding = 4; lastKnownFileType = sourcecode.c.objc; path = SettingsViewController.m; sourceTree = "<group>"; };
		584F6C7C18414605004F7853 /* SignUpViewController.h */ = {isa = PBXFileReference; fileEncoding = 4; lastKnownFileType = sourcecode.c.h; path = SignUpViewController.h; sourceTree = "<group>"; };
		584F6C7D18414605004F7853 /* SignUpViewController.m */ = {isa = PBXFileReference; fileEncoding = 4; lastKnownFileType = sourcecode.c.objc; path = SignUpViewController.m; sourceTree = "<group>"; };
		58811EDE18133121006C538A /* penncycle.app */ = {isa = PBXFileReference; explicitFileType = wrapper.application; includeInIndex = 0; path = penncycle.app; sourceTree = BUILT_PRODUCTS_DIR; };
		58811EE118133121006C538A /* Foundation.framework */ = {isa = PBXFileReference; lastKnownFileType = wrapper.framework; name = Foundation.framework; path = System/Library/Frameworks/Foundation.framework; sourceTree = SDKROOT; };
		58811EE318133121006C538A /* CoreGraphics.framework */ = {isa = PBXFileReference; lastKnownFileType = wrapper.framework; name = CoreGraphics.framework; path = System/Library/Frameworks/CoreGraphics.framework; sourceTree = SDKROOT; };
		58811EE518133121006C538A /* UIKit.framework */ = {isa = PBXFileReference; lastKnownFileType = wrapper.framework; name = UIKit.framework; path = System/Library/Frameworks/UIKit.framework; sourceTree = SDKROOT; };
		58811EE918133121006C538A /* penncycle-Info.plist */ = {isa = PBXFileReference; lastKnownFileType = text.plist.xml; path = "penncycle-Info.plist"; sourceTree = "<group>"; };
		58811EEB18133121006C538A /* en */ = {isa = PBXFileReference; lastKnownFileType = text.plist.strings; name = en; path = en.lproj/InfoPlist.strings; sourceTree = "<group>"; };
		58811EED18133121006C538A /* main.m */ = {isa = PBXFileReference; lastKnownFileType = sourcecode.c.objc; path = main.m; sourceTree = "<group>"; };
		58811EEF18133121006C538A /* penncycle-Prefix.pch */ = {isa = PBXFileReference; lastKnownFileType = sourcecode.c.h; path = "penncycle-Prefix.pch"; sourceTree = "<group>"; };
		58811EF018133121006C538A /* AppDelegate.h */ = {isa = PBXFileReference; lastKnownFileType = sourcecode.c.h; path = AppDelegate.h; sourceTree = "<group>"; };
		58811EF118133121006C538A /* AppDelegate.m */ = {isa = PBXFileReference; lastKnownFileType = sourcecode.c.objc; path = AppDelegate.m; sourceTree = "<group>"; };
		58811EF618133121006C538A /* ViewController.h */ = {isa = PBXFileReference; lastKnownFileType = sourcecode.c.h; path = ViewController.h; sourceTree = "<group>"; };
		58811EF718133121006C538A /* ViewController.m */ = {isa = PBXFileReference; lastKnownFileType = sourcecode.c.objc; path = ViewController.m; sourceTree = "<group>"; };
		58811EF918133121006C538A /* Images.xcassets */ = {isa = PBXFileReference; lastKnownFileType = folder.assetcatalog; path = Images.xcassets; sourceTree = "<group>"; };
		58811EFF18133121006C538A /* penncycleTests.xctest */ = {isa = PBXFileReference; explicitFileType = wrapper.cfbundle; includeInIndex = 0; path = penncycleTests.xctest; sourceTree = BUILT_PRODUCTS_DIR; };
		58811F0018133121006C538A /* XCTest.framework */ = {isa = PBXFileReference; lastKnownFileType = wrapper.framework; name = XCTest.framework; path = Library/Frameworks/XCTest.framework; sourceTree = DEVELOPER_DIR; };
		58811F0818133121006C538A /* penncycleTests-Info.plist */ = {isa = PBXFileReference; lastKnownFileType = text.plist.xml; path = "penncycleTests-Info.plist"; sourceTree = "<group>"; };
		58811F0A18133121006C538A /* en */ = {isa = PBXFileReference; lastKnownFileType = text.plist.strings; name = en; path = en.lproj/InfoPlist.strings; sourceTree = "<group>"; };
		58811F0C18133121006C538A /* PennCycleIphoneTests.m */ = {isa = PBXFileReference; lastKnownFileType = sourcecode.c.objc; path = PennCycleIphoneTests.m; sourceTree = "<group>"; };
		58811F16181331BA006C538A /* PennCycle-Logo-3-web-570.png */ = {isa = PBXFileReference; lastKnownFileType = image.png; path = "PennCycle-Logo-3-web-570.png"; sourceTree = "<group>"; };
		58D47A81188DC08A00228665 /* CheckInViewController.h */ = {isa = PBXFileReference; fileEncoding = 4; lastKnownFileType = sourcecode.c.h; path = CheckInViewController.h; sourceTree = "<group>"; };
		58D47A82188DC08A00228665 /* CheckInViewController.m */ = {isa = PBXFileReference; fileEncoding = 4; lastKnownFileType = sourcecode.c.objc; path = CheckInViewController.m; sourceTree = "<group>"; };
		58E5F6E51894D060004C28F7 /* en */ = {isa = PBXFileReference; lastKnownFileType = file.storyboard; name = en; path = en.lproj/Main.storyboard; sourceTree = "<group>"; };
		58E5F6E61894F319004C28F7 /* PINViewController.h */ = {isa = PBXFileReference; fileEncoding = 4; lastKnownFileType = sourcecode.c.h; path = PINViewController.h; sourceTree = "<group>"; };
		58E5F6E71894F319004C28F7 /* PINViewController.m */ = {isa = PBXFileReference; fileEncoding = 4; lastKnownFileType = sourcecode.c.objc; path = PINViewController.m; sourceTree = "<group>"; };
/* End PBXFileReference section */

/* Begin PBXFrameworksBuildPhase section */
		58811EDB18133121006C538A /* Frameworks */ = {
			isa = PBXFrameworksBuildPhase;
			buildActionMask = 2147483647;
			files = (
				583B7FB81894BC41001CD855 /* libz.dylib in Frameworks */,
				583B7FB61894BC21001CD855 /* MobileCoreServices.framework in Frameworks */,
				583B7FB41894BC16001CD855 /* SystemConfiguration.framework in Frameworks */,
				583B7FB21894BC0C001CD855 /* CFNetwork.framework in Frameworks */,
				5827D7A818271520004944B3 /* MapKit.framework in Frameworks */,
				58811EE418133121006C538A /* CoreGraphics.framework in Frameworks */,
				58811EE618133121006C538A /* UIKit.framework in Frameworks */,
				58811EE218133121006C538A /* Foundation.framework in Frameworks */,
			);
			runOnlyForDeploymentPostprocessing = 0;
		};
		58811EFC18133121006C538A /* Frameworks */ = {
			isa = PBXFrameworksBuildPhase;
			buildActionMask = 2147483647;
			files = (
				58811F0118133121006C538A /* XCTest.framework in Frameworks */,
				58811F0318133121006C538A /* UIKit.framework in Frameworks */,
				58811F0218133121006C538A /* Foundation.framework in Frameworks */,
			);
			runOnlyForDeploymentPostprocessing = 0;
		};
/* End PBXFrameworksBuildPhase section */

/* Begin PBXGroup section */
		583B7F941894BAF5001CD855 /* ASI */ = {
			isa = PBXGroup;
			children = (
				583B7F951894BB15001CD855 /* ASIAuthenticationDialog.h */,
				583B7F961894BB15001CD855 /* ASIAuthenticationDialog.m */,
				583B7F971894BB15001CD855 /* ASICacheDelegate.h */,
				583B7F981894BB15001CD855 /* ASIDataCompressor.h */,
				583B7F991894BB15001CD855 /* ASIDataCompressor.m */,
				583B7F9A1894BB15001CD855 /* ASIDataDecompressor.h */,
				583B7F9B1894BB15001CD855 /* ASIDataDecompressor.m */,
				583B7F9C1894BB15001CD855 /* ASIDownloadCache.h */,
				583B7F9D1894BB15001CD855 /* ASIDownloadCache.m */,
				583B7F9E1894BB15001CD855 /* ASIFormDataRequest.h */,
				583B7F9F1894BB15001CD855 /* ASIFormDataRequest.m */,
				583B7FA01894BB15001CD855 /* ASIHTTPRequest.h */,
				583B7FA11894BB15001CD855 /* ASIHTTPRequest.m */,
				583B7FA21894BB15001CD855 /* ASIHTTPRequestConfig.h */,
				583B7FA31894BB15001CD855 /* ASIHTTPRequestDelegate.h */,
				583B7FA41894BB15001CD855 /* ASIInputStream.h */,
				583B7FA51894BB15001CD855 /* ASIInputStream.m */,
				583B7FA61894BB15001CD855 /* ASINetworkQueue.h */,
				583B7FA71894BB15001CD855 /* ASINetworkQueue.m */,
				583B7FA81894BB15001CD855 /* ASIProgressDelegate.h */,
				583B7FB91894BE78001CD855 /* Reachability.h */,
				583B7FBA1894BE78001CD855 /* Reachability.m */,
			);
			name = ASI;
			sourceTree = "<group>";
		};
		58811ED518133121006C538A = {
			isa = PBXGroup;
			children = (
				58811EE718133121006C538A /* PennCycleIphone */,
				58811F0618133121006C538A /* PennCycleIphoneTests */,
				58811EE018133121006C538A /* Frameworks */,
				58811EDF18133121006C538A /* Products */,
			);
			sourceTree = "<group>";
		};
		58811EDF18133121006C538A /* Products */ = {
			isa = PBXGroup;
			children = (
				58811EDE18133121006C538A /* penncycle.app */,
				58811EFF18133121006C538A /* penncycleTests.xctest */,
			);
			name = Products;
			sourceTree = "<group>";
		};
		58811EE018133121006C538A /* Frameworks */ = {
			isa = PBXGroup;
			children = (
				583B7FB71894BC41001CD855 /* libz.dylib */,
				583B7FB51894BC21001CD855 /* MobileCoreServices.framework */,
				583B7FB31894BC16001CD855 /* SystemConfiguration.framework */,
				583B7FB11894BC0C001CD855 /* CFNetwork.framework */,
				5827D7A718271520004944B3 /* MapKit.framework */,
				58811EE118133121006C538A /* Foundation.framework */,
				58811EE318133121006C538A /* CoreGraphics.framework */,
				58811EE518133121006C538A /* UIKit.framework */,
				58811F0018133121006C538A /* XCTest.framework */,
			);
			name = Frameworks;
			sourceTree = "<group>";
		};
		58811EE718133121006C538A /* PennCycleIphone */ = {
			isa = PBXGroup;
			children = (
				583B7F941894BAF5001CD855 /* ASI */,
				58811F16181331BA006C538A /* PennCycle-Logo-3-web-570.png */,
				58811EF018133121006C538A /* AppDelegate.h */,
				58811EF118133121006C538A /* AppDelegate.m */,
				58811EF318133121006C538A /* Main.storyboard */,
				58811EF618133121006C538A /* ViewController.h */,
				58811EF718133121006C538A /* ViewController.m */,
				584F6C7C18414605004F7853 /* SignUpViewController.h */,
				584F6C7D18414605004F7853 /* SignUpViewController.m */,
				58D47A81188DC08A00228665 /* CheckInViewController.h */,
				58D47A82188DC08A00228665 /* CheckInViewController.m */,
				583B7F9118933244001CD855 /* JSONifyViewController.h */,
				583B7F9218933245001CD855 /* JSONifyViewController.m */,
				58E5F6E61894F319004C28F7 /* PINViewController.h */,
				58E5F6E71894F319004C28F7 /* PINViewController.m */,
				583E6D5E18F2428900C1585E /* MapsViewController.h */,
				583E6D5F18F2428900C1585E /* MapsViewController.m */,
				583769BE1899FE690049A9EB /* ReportIssueViewController.h */,
				583769BF1899FE690049A9EB /* ReportIssueViewController.m */,
				583769C1189A061D0049A9EB /* BikesViewController.h */,
				583769C2189A061D0049A9EB /* BikesViewController.m */,
				583769C4189A18F90049A9EB /* CheckOutViewController.h */,
				583769C5189A18F90049A9EB /* CheckOutViewController.m */,
				584CEC43189AE9EE00244F1A /* SettingsViewController.h */,
				584CEC44189AE9EE00244F1A /* SettingsViewController.m */,
				58811EF918133121006C538A /* Images.xcassets */,
				58811EE818133121006C538A /* Supporting Files */,
			);
			path = PennCycleIphone;
			sourceTree = "<group>";
		};
		58811EE818133121006C538A /* Supporting Files */ = {
			isa = PBXGroup;
			children = (
				583E6D5C18F241AC00C1585E /* 1030-globe@2x.png */,
				583769B41899F8EB0049A9EB /* 529-bicycle@2x.png */,
				583769BC1899FDB00049A9EB /* 523-cyclist@2x.png */,
				583769B81899FD330049A9EB /* 592-compose@2x.png */,
				583769B61899FCB10049A9EB /* 665-gear@2x.png */,
				583769BA1899FD850049A9EB /* 582-warning-sign@2x.png */,
				58811EE918133121006C538A /* penncycle-Info.plist */,
				58811EEA18133121006C538A /* InfoPlist.strings */,
				58811EED18133121006C538A /* main.m */,
				58811EEF18133121006C538A /* penncycle-Prefix.pch */,
			);
			name = "Supporting Files";
			sourceTree = "<group>";
		};
		58811F0618133121006C538A /* PennCycleIphoneTests */ = {
			isa = PBXGroup;
			children = (
				58811F0C18133121006C538A /* PennCycleIphoneTests.m */,
				58811F0718133121006C538A /* Supporting Files */,
			);
			path = PennCycleIphoneTests;
			sourceTree = "<group>";
		};
		58811F0718133121006C538A /* Supporting Files */ = {
			isa = PBXGroup;
			children = (
				58811F0818133121006C538A /* penncycleTests-Info.plist */,
				58811F0918133121006C538A /* InfoPlist.strings */,
			);
			name = "Supporting Files";
			sourceTree = "<group>";
		};
/* End PBXGroup section */

/* Begin PBXNativeTarget section */
		58811EDD18133121006C538A /* penncycle */ = {
			isa = PBXNativeTarget;
			buildConfigurationList = 58811F1018133121006C538A /* Build configuration list for PBXNativeTarget "penncycle" */;
			buildPhases = (
				58811EDA18133121006C538A /* Sources */,
				58811EDB18133121006C538A /* Frameworks */,
				58811EDC18133121006C538A /* Resources */,
			);
			buildRules = (
			);
			dependencies = (
			);
			name = penncycle;
			productName = PennCycleIphone;
			productReference = 58811EDE18133121006C538A /* penncycle.app */;
			productType = "com.apple.product-type.application";
		};
		58811EFE18133121006C538A /* penncycleTests */ = {
			isa = PBXNativeTarget;
			buildConfigurationList = 58811F1318133121006C538A /* Build configuration list for PBXNativeTarget "penncycleTests" */;
			buildPhases = (
				58811EFB18133121006C538A /* Sources */,
				58811EFC18133121006C538A /* Frameworks */,
				58811EFD18133121006C538A /* Resources */,
			);
			buildRules = (
			);
			dependencies = (
				58811F0518133121006C538A /* PBXTargetDependency */,
			);
			name = penncycleTests;
			productName = PennCycleIphoneTests;
			productReference = 58811EFF18133121006C538A /* penncycleTests.xctest */;
			productType = "com.apple.product-type.bundle.unit-test";
		};
/* End PBXNativeTarget section */

/* Begin PBXProject section */
		58811ED618133121006C538A /* Project object */ = {
			isa = PBXProject;
			attributes = {
				LastUpgradeCheck = 0500;
				ORGANIZATIONNAME = PeterBryan;
				TargetAttributes = {
					58811EDD18133121006C538A = {
						DevelopmentTeam = PUG77A23A9;
					};
					58811EFE18133121006C538A = {
						TestTargetID = 58811EDD18133121006C538A;
					};
				};
			};
			buildConfigurationList = 58811ED918133121006C538A /* Build configuration list for PBXProject "penncycle" */;
			compatibilityVersion = "Xcode 3.2";
			developmentRegion = English;
			hasScannedForEncodings = 0;
			knownRegions = (
				en,
				Base,
			);
			mainGroup = 58811ED518133121006C538A;
			productRefGroup = 58811EDF18133121006C538A /* Products */;
			projectDirPath = "";
			projectRoot = "";
			targets = (
				58811EDD18133121006C538A /* penncycle */,
				58811EFE18133121006C538A /* penncycleTests */,
			);
		};
/* End PBXProject section */

/* Begin PBXResourcesBuildPhase section */
		58811EDC18133121006C538A /* Resources */ = {
			isa = PBXResourcesBuildPhase;
			buildActionMask = 2147483647;
			files = (
				58811EFA18133121006C538A /* Images.xcassets in Resources */,
				583769BD1899FDB00049A9EB /* 523-cyclist@2x.png in Resources */,
				58811EEC18133121006C538A /* InfoPlist.strings in Resources */,
				58811F17181331BA006C538A /* PennCycle-Logo-3-web-570.png in Resources */,
				583769B51899F8EB0049A9EB /* 529-bicycle@2x.png in Resources */,
				583769BB1899FD850049A9EB /* 582-warning-sign@2x.png in Resources */,
				583E6D5D18F241AC00C1585E /* 1030-globe@2x.png in Resources */,
				58811EF518133121006C538A /* Main.storyboard in Resources */,
				583769B91899FD330049A9EB /* 592-compose@2x.png in Resources */,
				583769B71899FCB10049A9EB /* 665-gear@2x.png in Resources */,
			);
			runOnlyForDeploymentPostprocessing = 0;
		};
		58811EFD18133121006C538A /* Resources */ = {
			isa = PBXResourcesBuildPhase;
			buildActionMask = 2147483647;
			files = (
				58811F0B18133121006C538A /* InfoPlist.strings in Resources */,
			);
			runOnlyForDeploymentPostprocessing = 0;
		};
/* End PBXResourcesBuildPhase section */

/* Begin PBXSourcesBuildPhase section */
		58811EDA18133121006C538A /* Sources */ = {
			isa = PBXSourcesBuildPhase;
			buildActionMask = 2147483647;
			files = (
				58811EF818133121006C538A /* ViewController.m in Sources */,
				583769C01899FE690049A9EB /* ReportIssueViewController.m in Sources */,
				583B7FAF1894BB15001CD855 /* ASIInputStream.m in Sources */,
				58D47A83188DC08A00228665 /* CheckInViewController.m in Sources */,
				583B7FAC1894BB15001CD855 /* ASIDownloadCache.m in Sources */,
				583769C3189A061D0049A9EB /* BikesViewController.m in Sources */,
				58E5F6E81894F319004C28F7 /* PINViewController.m in Sources */,
				584CEC45189AE9EE00244F1A /* SettingsViewController.m in Sources */,
				583B7FBB1894BE78001CD855 /* Reachability.m in Sources */,
				583B7FAA1894BB15001CD855 /* ASIDataCompressor.m in Sources */,
				58811EF218133121006C538A /* AppDelegate.m in Sources */,
				583E6D6018F2428900C1585E /* MapsViewController.m in Sources */,
				583B7FAE1894BB15001CD855 /* ASIHTTPRequest.m in Sources */,
				584F6C7E18414605004F7853 /* SignUpViewController.m in Sources */,
				583B7FAB1894BB15001CD855 /* ASIDataDecompressor.m in Sources */,
				58811EEE18133121006C538A /* main.m in Sources */,
				583B7FB01894BB15001CD855 /* ASINetworkQueue.m in Sources */,
				583769C6189A18F90049A9EB /* CheckOutViewController.m in Sources */,
				583B7FA91894BB15001CD855 /* ASIAuthenticationDialog.m in Sources */,
				583B7FAD1894BB15001CD855 /* ASIFormDataRequest.m in Sources */,
				583B7F9318933245001CD855 /* JSONifyViewController.m in Sources */,
			);
			runOnlyForDeploymentPostprocessing = 0;
		};
		58811EFB18133121006C538A /* Sources */ = {
			isa = PBXSourcesBuildPhase;
			buildActionMask = 2147483647;
			files = (
				58811F0D18133121006C538A /* PennCycleIphoneTests.m in Sources */,
			);
			runOnlyForDeploymentPostprocessing = 0;
		};
/* End PBXSourcesBuildPhase section */

/* Begin PBXTargetDependency section */
		58811F0518133121006C538A /* PBXTargetDependency */ = {
			isa = PBXTargetDependency;
			target = 58811EDD18133121006C538A /* penncycle */;
			targetProxy = 58811F0418133121006C538A /* PBXContainerItemProxy */;
		};
/* End PBXTargetDependency section */

/* Begin PBXVariantGroup section */
		58811EEA18133121006C538A /* InfoPlist.strings */ = {
			isa = PBXVariantGroup;
			children = (
				58811EEB18133121006C538A /* en */,
			);
			name = InfoPlist.strings;
			sourceTree = "<group>";
		};
		58811EF318133121006C538A /* Main.storyboard */ = {
			isa = PBXVariantGroup;
			children = (
				58E5F6E51894D060004C28F7 /* en */,
			);
			name = Main.storyboard;
			sourceTree = "<group>";
		};
		58811F0918133121006C538A /* InfoPlist.strings */ = {
			isa = PBXVariantGroup;
			children = (
				58811F0A18133121006C538A /* en */,
			);
			name = InfoPlist.strings;
			sourceTree = "<group>";
		};
/* End PBXVariantGroup section */

/* Begin XCBuildConfiguration section */
		58811F0E18133121006C538A /* Debug */ = {
			isa = XCBuildConfiguration;
			buildSettings = {
				ALWAYS_SEARCH_USER_PATHS = NO;
				ARCHS = "$(ARCHS_STANDARD_INCLUDING_64_BIT)";
				CLANG_CXX_LANGUAGE_STANDARD = "gnu++0x";
				CLANG_CXX_LIBRARY = "libc++";
				CLANG_ENABLE_MODULES = YES;
				CLANG_ENABLE_OBJC_ARC = YES;
				CLANG_WARN_BOOL_CONVERSION = YES;
				CLANG_WARN_CONSTANT_CONVERSION = YES;
				CLANG_WARN_DIRECT_OBJC_ISA_USAGE = YES_ERROR;
				CLANG_WARN_EMPTY_BODY = YES;
				CLANG_WARN_ENUM_CONVERSION = YES;
				CLANG_WARN_INT_CONVERSION = YES;
				CLANG_WARN_OBJC_ROOT_CLASS = YES_ERROR;
				CLANG_WARN__DUPLICATE_METHOD_MATCH = YES;
				CODE_SIGN_IDENTITY = "iPhone Developer: Audrey Edmondson (H56H29Y2DX)";
				"CODE_SIGN_IDENTITY[sdk=iphoneos*]" = "iPhone Developer: Audrey Edmondson (H56H29Y2DX)";
				COPY_PHASE_STRIP = NO;
				GCC_C_LANGUAGE_STANDARD = gnu99;
				GCC_DYNAMIC_NO_PIC = NO;
				GCC_OPTIMIZATION_LEVEL = 0;
				GCC_PREPROCESSOR_DEFINITIONS = (
					"DEBUG=1",
					"$(inherited)",
				);
				GCC_SYMBOLS_PRIVATE_EXTERN = NO;
				GCC_WARN_64_TO_32_BIT_CONVERSION = YES;
				GCC_WARN_ABOUT_RETURN_TYPE = YES_ERROR;
				GCC_WARN_UNDECLARED_SELECTOR = YES;
				GCC_WARN_UNINITIALIZED_AUTOS = YES;
				GCC_WARN_UNUSED_FUNCTION = YES;
				GCC_WARN_UNUSED_VARIABLE = YES;
				IPHONEOS_DEPLOYMENT_TARGET = 7.0;
				ONLY_ACTIVE_ARCH = YES;
				SDKROOT = iphoneos;
			};
			name = Debug;
		};
		58811F0F18133121006C538A /* Release */ = {
			isa = XCBuildConfiguration;
			buildSettings = {
				ALWAYS_SEARCH_USER_PATHS = NO;
				ARCHS = "$(ARCHS_STANDARD_INCLUDING_64_BIT)";
				CLANG_CXX_LANGUAGE_STANDARD = "gnu++0x";
				CLANG_CXX_LIBRARY = "libc++";
				CLANG_ENABLE_MODULES = YES;
				CLANG_ENABLE_OBJC_ARC = YES;
				CLANG_WARN_BOOL_CONVERSION = YES;
				CLANG_WARN_CONSTANT_CONVERSION = YES;
				CLANG_WARN_DIRECT_OBJC_ISA_USAGE = YES_ERROR;
				CLANG_WARN_EMPTY_BODY = YES;
				CLANG_WARN_ENUM_CONVERSION = YES;
				CLANG_WARN_INT_CONVERSION = YES;
				CLANG_WARN_OBJC_ROOT_CLASS = YES_ERROR;
				CLANG_WARN__DUPLICATE_METHOD_MATCH = YES;
				CODE_SIGN_IDENTITY = "iPhone Developer: Audrey Edmondson (H56H29Y2DX)";
				"CODE_SIGN_IDENTITY[sdk=iphoneos*]" = "iPhone Developer: Audrey Edmondson (H56H29Y2DX)";
				COPY_PHASE_STRIP = YES;
				ENABLE_NS_ASSERTIONS = NO;
				GCC_C_LANGUAGE_STANDARD = gnu99;
				GCC_WARN_64_TO_32_BIT_CONVERSION = YES;
				GCC_WARN_ABOUT_RETURN_TYPE = YES_ERROR;
				GCC_WARN_UNDECLARED_SELECTOR = YES;
				GCC_WARN_UNINITIALIZED_AUTOS = YES;
				GCC_WARN_UNUSED_FUNCTION = YES;
				GCC_WARN_UNUSED_VARIABLE = YES;
				IPHONEOS_DEPLOYMENT_TARGET = 7.0;
				SDKROOT = iphoneos;
				VALIDATE_PRODUCT = YES;
			};
			name = Release;
		};
		58811F1118133121006C538A /* Debug */ = {
			isa = XCBuildConfiguration;
			buildSettings = {
				ASSETCATALOG_COMPILER_APPICON_NAME = AppIcon;
				ASSETCATALOG_COMPILER_LAUNCHIMAGE_NAME = LaunchImage;
				CODE_SIGN_IDENTITY = "iPhone Distribution: Audrey Edmondson (PUG77A23A9)";
				"CODE_SIGN_IDENTITY[sdk=iphoneos*]" = "iPhone Distribution: Audrey Edmondson (PUG77A23A9)";
				GCC_PRECOMPILE_PREFIX_HEADER = YES;
				GCC_PREFIX_HEADER = "PennCycleIphone/penncycle-Prefix.pch";
				INFOPLIST_FILE = "PennCycleIphone/penncycle-Info.plist";
				IPHONEOS_DEPLOYMENT_TARGET = 7.1;
				PRODUCT_NAME = penncycle;
				PROVISIONING_PROFILE = "";
				TARGETED_DEVICE_FAMILY = "1,2";
				WRAPPER_EXTENSION = app;
			};
			name = Debug;
		};
		58811F1218133121006C538A /* Release */ = {
			isa = XCBuildConfiguration;
			buildSettings = {
				ASSETCATALOG_COMPILER_APPICON_NAME = AppIcon;
				ASSETCATALOG_COMPILER_LAUNCHIMAGE_NAME = LaunchImage;
				CODE_SIGN_IDENTITY = "iPhone Distribution: Audrey Edmondson (PUG77A23A9)";
				"CODE_SIGN_IDENTITY[sdk=iphoneos*]" = "iPhone Distribution: Audrey Edmondson (PUG77A23A9)";
				GCC_PRECOMPILE_PREFIX_HEADER = YES;
				GCC_PREFIX_HEADER = "PennCycleIphone/penncycle-Prefix.pch";
				INFOPLIST_FILE = "PennCycleIphone/penncycle-Info.plist";
				IPHONEOS_DEPLOYMENT_TARGET = 7.1;
				PRODUCT_NAME = penncycle;
				PROVISIONING_PROFILE = "";
				TARGETED_DEVICE_FAMILY = "1,2";
				WRAPPER_EXTENSION = app;
			};
			name = Release;
		};
		58811F1418133121006C538A /* Debug */ = {
			isa = XCBuildConfiguration;
			buildSettings = {
				ARCHS = "$(ARCHS_STANDARD_INCLUDING_64_BIT)";
				BUNDLE_LOADER = "$(BUILT_PRODUCTS_DIR)/PennCycleIphone.app/PennCycleIphone";
				FRAMEWORK_SEARCH_PATHS = (
					"$(SDKROOT)/Developer/Library/Frameworks",
					"$(inherited)",
					"$(DEVELOPER_FRAMEWORKS_DIR)",
				);
				GCC_PRECOMPILE_PREFIX_HEADER = YES;
				GCC_PREFIX_HEADER = "PennCycleIphone/PennCycleIphone-Prefix.pch";
				GCC_PREPROCESSOR_DEFINITIONS = (
					"DEBUG=1",
					"$(inherited)",
				);
				INFOPLIST_FILE = "PennCycleIphoneTests/penncycleTests-Info.plist";
				PRODUCT_NAME = penncycleTests;
				TEST_HOST = "$(BUNDLE_LOADER)";
				WRAPPER_EXTENSION = xctest;
			};
			name = Debug;
		};
		58811F1518133121006C538A /* Release */ = {
			isa = XCBuildConfiguration;
			buildSettings = {
				ARCHS = "$(ARCHS_STANDARD_INCLUDING_64_BIT)";
				BUNDLE_LOADER = "$(BUILT_PRODUCTS_DIR)/PennCycleIphone.app/PennCycleIphone";
				FRAMEWORK_SEARCH_PATHS = (
					"$(SDKROOT)/Developer/Library/Frameworks",
					"$(inherited)",
					"$(DEVELOPER_FRAMEWORKS_DIR)",
				);
				GCC_PRECOMPILE_PREFIX_HEADER = YES;
				GCC_PREFIX_HEADER = "PennCycleIphone/PennCycleIphone-Prefix.pch";
				INFOPLIST_FILE = "PennCycleIphoneTests/penncycleTests-Info.plist";
				PRODUCT_NAME = penncycleTests;
				TEST_HOST = "$(BUNDLE_LOADER)";
				WRAPPER_EXTENSION = xctest;
			};
			name = Release;
		};
/* End XCBuildConfiguration section */

/* Begin XCConfigurationList section */
		58811ED918133121006C538A /* Build configuration list for PBXProject "penncycle" */ = {
			isa = XCConfigurationList;
			buildConfigurations = (
				58811F0E18133121006C538A /* Debug */,
				58811F0F18133121006C538A /* Release */,
			);
			defaultConfigurationIsVisible = 0;
			defaultConfigurationName = Release;
		};
		58811F1018133121006C538A /* Build configuration list for PBXNativeTarget "penncycle" */ = {
			isa = XCConfigurationList;
			buildConfigurations = (
				58811F1118133121006C538A /* Debug */,
				58811F1218133121006C538A /* Release */,
			);
			defaultConfigurationIsVisible = 0;
			defaultConfigurationName = Release;
		};
		58811F1318133121006C538A /* Build configuration list for PBXNativeTarget "penncycleTests" */ = {
			isa = XCConfigurationList;
			buildConfigurations = (
				58811F1418133121006C538A /* Debug */,
				58811F1518133121006C538A /* Release */,
			);
			defaultConfigurationIsVisible = 0;
			defaultConfigurationName = Release;
		};
/* End XCConfigurationList section */
	};
	rootObject = 58811ED618133121006C538A /* Project object */;
}
